
Microsoft Visual Studio Solution File, Format Version 12.00
# Visual Studio 15
VisualStudioVersion = 15.0.28010.2041
MinimumVisualStudioVersion = 10.0.40219.1
Project("{FAE04EC0-301F-11D3-BF4B-00C04F79EFBC}") = "CS-Profile-Backend", "CS-Profile-Backend\CS-Profile-Backend.csproj", "{F10BD76F-3925-40E6-8F70-1A32027F3F6D}"
EndProject
Global
	GlobalSection(SolutionConfigurationPlatforms) = preSolution
		Debug|Any CPU = Debug|Any CPU
		Release|Any CPU = Release|Any CPU
	EndGlobalSection
	GlobalSection(ProjectConfigurationPlatforms) = postSolution
		{F10BD76F-3925-40E6-8F70-1A32027F3F6D}.Debug|Any CPU.ActiveCfg = Debug|Any CPU
		{F10BD76F-3925-40E6-8F70-1A32027F3F6D}.Debug|Any CPU.Build.0 = Debug|Any CPU
		{F10BD76F-3925-40E6-8F70-1A32027F3F6D}.Release|Any CPU.ActiveCfg = Release|Any CPU
		{F10BD76F-3925-40E6-8F70-1A32027F3F6D}.Release|Any CPU.Build.0 = Release|Any CPU
	EndGlobalSection
	GlobalSection(SolutionProperties) = preSolution
		HideSolutionNode = FALSE
	EndGlobalSection
	GlobalSection(ExtensibilityGlobals) = postSolution
		SolutionGuid = {1389ED35-3BAB-4B1F-8859-9630E73025B6}
	EndGlobalSection
EndGlobal
